
Microsoft Visual Studio Solution File, Format Version 12.00
# Visual Studio Version 17
VisualStudioVersion = 17.0.31903.59
MinimumVisualStudioVersion = 10.0.40219.1
Project("{FAE04EC0-301F-11D3-BF4B-00C04F79EFBC}") = "FinalProject", "FinalProject\FinalProject.csproj", "{3D3F74B4-D05A-4A6F-95AD-F4141C93B68E}"
EndProject
Project("{FAE04EC0-301F-11D3-BF4B-00C04F79EFBC}") = "TiltanTale.DesktopGL", "TiltanTale.DesktopGL\TiltanTale.DesktopGL.csproj", "{90CA6D9A-D00A-4B50-8A8C-89865A890981}"
EndProject
Project("{FAE04EC0-301F-11D3-BF4B-00C04F79EFBC}") = "TiltanTale.Blazor", "TiltanTale.Blazor\TiltanTale.Blazor.csproj", "{95F7405C-88E5-45E1-A2BA-4A9CA1880B96}"
EndProject
Global
	GlobalSection(SolutionConfigurationPlatforms) = preSolution
		Debug|Any CPU = Debug|Any CPU
		Debug|x64 = Debug|x64
		Debug|x86 = Debug|x86
		Release|Any CPU = Release|Any CPU
		Release|x64 = Release|x64
		Release|x86 = Release|x86
	EndGlobalSection
	GlobalSection(ProjectConfigurationPlatforms) = postSolution
		{3D3F74B4-D05A-4A6F-95AD-F4141C93B68E}.Debug|Any CPU.ActiveCfg = Debug|Any CPU
		{3D3F74B4-D05A-4A6F-95AD-F4141C93B68E}.Debug|Any CPU.Build.0 = Debug|Any CPU
		{3D3F74B4-D05A-4A6F-95AD-F4141C93B68E}.Debug|x64.ActiveCfg = Debug|Any CPU
		{3D3F74B4-D05A-4A6F-95AD-F4141C93B68E}.Debug|x64.Build.0 = Debug|Any CPU
		{3D3F74B4-D05A-4A6F-95AD-F4141C93B68E}.Debug|x86.ActiveCfg = Debug|Any CPU
		{3D3F74B4-D05A-4A6F-95AD-F4141C93B68E}.Debug|x86.Build.0 = Debug|Any CPU
		{3D3F74B4-D05A-4A6F-95AD-F4141C93B68E}.Release|Any CPU.ActiveCfg = Release|Any CPU
		{3D3F74B4-D05A-4A6F-95AD-F4141C93B68E}.Release|Any CPU.Build.0 = Release|Any CPU
		{3D3F74B4-D05A-4A6F-95AD-F4141C93B68E}.Release|x64.ActiveCfg = Release|Any CPU
		{3D3F74B4-D05A-4A6F-95AD-F4141C93B68E}.Release|x64.Build.0 = Release|Any CPU
		{3D3F74B4-D05A-4A6F-95AD-F4141C93B68E}.Release|x86.ActiveCfg = Release|Any CPU
		{3D3F74B4-D05A-4A6F-95AD-F4141C93B68E}.Release|x86.Build.0 = Release|Any CPU
		{90CA6D9A-D00A-4B50-8A8C-89865A890981}.Debug|Any CPU.ActiveCfg = Debug|Any CPU
		{90CA6D9A-D00A-4B50-8A8C-89865A890981}.Debug|Any CPU.Build.0 = Debug|Any CPU
		{90CA6D9A-D00A-4B50-8A8C-89865A890981}.Debug|x64.ActiveCfg = Debug|Any CPU
		{90CA6D9A-D00A-4B50-8A8C-89865A890981}.Debug|x64.Build.0 = Debug|Any CPU
		{90CA6D9A-D00A-4B50-8A8C-89865A890981}.Debug|x86.ActiveCfg = Debug|Any CPU
		{90CA6D9A-D00A-4B50-8A8C-89865A890981}.Debug|x86.Build.0 = Debug|Any CPU
		{90CA6D9A-D00A-4B50-8A8C-89865A890981}.Release|Any CPU.ActiveCfg = Release|Any CPU
		{90CA6D9A-D00A-4B50-8A8C-89865A890981}.Release|Any CPU.Build.0 = Release|Any CPU
		{90CA6D9A-D00A-4B50-8A8C-89865A890981}.Release|x64.ActiveCfg = Release|Any CPU
		{90CA6D9A-D00A-4B50-8A8C-89865A890981}.Release|x64.Build.0 = Release|Any CPU
		{90CA6D9A-D00A-4B50-8A8C-89865A890981}.Release|x86.ActiveCfg = Release|Any CPU
		{90CA6D9A-D00A-4B50-8A8C-89865A890981}.Release|x86.Build.0 = Release|Any CPU
		{95F7405C-88E5-45E1-A2BA-4A9CA1880B96}.Debug|Any CPU.ActiveCfg = Debug|Any CPU
		{95F7405C-88E5-45E1-A2BA-4A9CA1880B96}.Debug|Any CPU.Build.0 = Debug|Any CPU
		{95F7405C-88E5-45E1-A2BA-4A9CA1880B96}.Debug|x64.ActiveCfg = Debug|Any CPU
		{95F7405C-88E5-45E1-A2BA-4A9CA1880B96}.Debug|x64.Build.0 = Debug|Any CPU
		{95F7405C-88E5-45E1-A2BA-4A9CA1880B96}.Debug|x86.ActiveCfg = Debug|Any CPU
		{95F7405C-88E5-45E1-A2BA-4A9CA1880B96}.Debug|x86.Build.0 = Debug|Any CPU
		{95F7405C-88E5-45E1-A2BA-4A9CA1880B96}.Release|Any CPU.ActiveCfg = Release|Any CPU
		{95F7405C-88E5-45E1-A2BA-4A9CA1880B96}.Release|Any CPU.Build.0 = Release|Any CPU
		{95F7405C-88E5-45E1-A2BA-4A9CA1880B96}.Release|x64.ActiveCfg = Release|Any CPU
		{95F7405C-88E5-45E1-A2BA-4A9CA1880B96}.Release|x64.Build.0 = Release|Any CPU
		{95F7405C-88E5-45E1-A2BA-4A9CA1880B96}.Release|x86.ActiveCfg = Release|Any CPU
		{95F7405C-88E5-45E1-A2BA-4A9CA1880B96}.Release|x86.Build.0 = Release|Any CPU
	EndGlobalSection
	GlobalSection(SolutionProperties) = preSolution
		HideSolutionNode = FALSE
	EndGlobalSection
EndGlobal
